// !$*UTF8*$!
{
	archiveVersion = 1;
	classes = {
	};
	objectVersion = 77;
	objects = {

/* Begin PBXBuildFile section */
		0EEDC1E6DD9108EA0AE8A885 /* RouteViewModel.swift in Sources */ = {isa = PBXBuildFile; fileRef = 4B18C6839AF676782FE9B9E7 /* RouteViewModel.swift */; };
		5A36E023CFB4D3D3CF1225A6 /* NavigationService.swift in Sources */ = {isa = PBXBuildFile; fileRef = 4A15779B28E7A339C0E8D92D /* NavigationService.swift */; };
		60608E991569DD9413D2DBA8 /* POIAnnotationView.swift in Sources */ = {isa = PBXBuildFile; fileRef = 47695EC4C971D4435926BB18 /* POIAnnotationView.swift */; };
		69F45D18F798DA61626C5BDA /* POIResult.swift in Sources */ = {isa = PBXBuildFile; fileRef = 518029481AD32340074FA2DB /* POIResult.swift */; };
		6AB25AD0A9491C75902E754A /* ContentView.swift in Sources */ = {isa = PBXBuildFile; fileRef = 641E150B83C6F7E7F04A52B6 /* ContentView.swift */; };
		7E8F09B7A11FDFB5EBC27072 /* RouteInputSheet.swift in Sources */ = {isa = PBXBuildFile; fileRef = E84E35D42657E57843972001 /* RouteInputSheet.swift */; };
		8035DE81AFB2460D891B517B /* WaypointMarker.swift in Sources */ = {isa = PBXBuildFile; fileRef = 11B523559A57A60B4A5B64E1 /* WaypointMarker.swift */; };
		81010D2B957C94D45C92BAF3 /* Assets.xcassets in Resources */ = {isa = PBXBuildFile; fileRef = CB5686AC153B430D7432DCC1 /* Assets.xcassets */; };
		8344EC4E820C6ECF1E947027 /* OnboardingView.swift in Sources */ = {isa = PBXBuildFile; fileRef = F51745CAE85552C31ADC0C31 /* OnboardingView.swift */; };
		949DB6D0152C407A94781220 /* FiltersView.swift in Sources */ = {isa = PBXBuildFile; fileRef = 71C1B6E9A43FD96AF5A12EA9 /* FiltersView.swift */; };
		970647272864B6E7E04E285C /* LocationManager.swift in Sources */ = {isa = PBXBuildFile; fileRef = 16729255A438961AA638BD91 /* LocationManager.swift */; };
		A7D1D5B9A395AF542F0369B0 /* APIService.swift in Sources */ = {isa = PBXBuildFile; fileRef = 8CDED49EE5D40E55804F057D /* APIService.swift */; };
		BC9B6EF21947F116D988F333 /* DetourApp.swift in Sources */ = {isa = PBXBuildFile; fileRef = 457751B969B38BD06C2487E9 /* DetourApp.swift */; };
		C9075DC5C8DD991968F6520A /* POIResultRow.swift in Sources */ = {isa = PBXBuildFile; fileRef = 2803F3CE2962AA35F9D26BC4 /* POIResultRow.swift */; };
/* End PBXBuildFile section */

/* Begin PBXFileReference section */
		11B523559A57A60B4A5B64E1 /* WaypointMarker.swift */ = {isa = PBXFileReference; lastKnownFileType = sourcecode.swift; path = WaypointMarker.swift; sourceTree = "<group>"; };
		16729255A438961AA638BD91 /* LocationManager.swift */ = {isa = PBXFileReference; lastKnownFileType = sourcecode.swift; path = LocationManager.swift; sourceTree = "<group>"; };
		2803F3CE2962AA35F9D26BC4 /* POIResultRow.swift */ = {isa = PBXFileReference; lastKnownFileType = sourcecode.swift; path = POIResultRow.swift; sourceTree = "<group>"; };
		457751B969B38BD06C2487E9 /* DetourApp.swift */ = {isa = PBXFileReference; lastKnownFileType = sourcecode.swift; path = DetourApp.swift; sourceTree = "<group>"; };
		47695EC4C971D4435926BB18 /* POIAnnotationView.swift */ = {isa = PBXFileReference; lastKnownFileType = sourcecode.swift; path = POIAnnotationView.swift; sourceTree = "<group>"; };
		4A15779B28E7A339C0E8D92D /* NavigationService.swift */ = {isa = PBXFileReference; lastKnownFileType = sourcecode.swift; path = NavigationService.swift; sourceTree = "<group>"; };
		4B18C6839AF676782FE9B9E7 /* RouteViewModel.swift */ = {isa = PBXFileReference; lastKnownFileType = sourcecode.swift; path = RouteViewModel.swift; sourceTree = "<group>"; };
		518029481AD32340074FA2DB /* POIResult.swift */ = {isa = PBXFileReference; lastKnownFileType = sourcecode.swift; path = POIResult.swift; sourceTree = "<group>"; };
		641E150B83C6F7E7F04A52B6 /* ContentView.swift */ = {isa = PBXFileReference; lastKnownFileType = sourcecode.swift; path = ContentView.swift; sourceTree = "<group>"; };
		71C1B6E9A43FD96AF5A12EA9 /* FiltersView.swift */ = {isa = PBXFileReference; lastKnownFileType = sourcecode.swift; path = FiltersView.swift; sourceTree = "<group>"; };
		7D5ED2CDD1DB4A92A2DF45F7 /* Info.plist */ = {isa = PBXFileReference; lastKnownFileType = text.plist; path = Info.plist; sourceTree = "<group>"; };
		8CDED49EE5D40E55804F057D /* APIService.swift */ = {isa = PBXFileReference; lastKnownFileType = sourcecode.swift; path = APIService.swift; sourceTree = "<group>"; };
		CB5686AC153B430D7432DCC1 /* Assets.xcassets */ = {isa = PBXFileReference; lastKnownFileType = folder.assetcatalog; path = Assets.xcassets; sourceTree = "<group>"; };
		E84E35D42657E57843972001 /* RouteInputSheet.swift */ = {isa = PBXFileReference; lastKnownFileType = sourcecode.swift; path = RouteInputSheet.swift; sourceTree = "<group>"; };
		EF57F5AA71249753B4707C76 /* Detour.app */ = {isa = PBXFileReference; includeInIndex = 0; lastKnownFileType = wrapper.application; path = Detour.app; sourceTree = BUILT_PRODUCTS_DIR; };
		F51745CAE85552C31ADC0C31 /* OnboardingView.swift */ = {isa = PBXFileReference; lastKnownFileType = sourcecode.swift; path = OnboardingView.swift; sourceTree = "<group>"; };
/* End PBXFileReference section */

/* Begin PBXGroup section */
		0F3CE28D5E12A7CFD74DD260 /* Models */ = {
			isa = PBXGroup;
			children = (
				518029481AD32340074FA2DB /* POIResult.swift */,
			);
			path = Models;
			sourceTree = "<group>";
		};
		1A633EA65FE7627CADA85C46 /* Products */ = {
			isa = PBXGroup;
			children = (
				EF57F5AA71249753B4707C76 /* Detour.app */,
			);
			name = Products;
			sourceTree = "<group>";
		};
		25AB35D02B73919AF9FFC5FF /* Views */ = {
			isa = PBXGroup;
			children = (
				641E150B83C6F7E7F04A52B6 /* ContentView.swift */,
				71C1B6E9A43FD96AF5A12EA9 /* FiltersView.swift */,
				F51745CAE85552C31ADC0C31 /* OnboardingView.swift */,
				47695EC4C971D4435926BB18 /* POIAnnotationView.swift */,
				2803F3CE2962AA35F9D26BC4 /* POIResultRow.swift */,
				E84E35D42657E57843972001 /* RouteInputSheet.swift */,
				11B523559A57A60B4A5B64E1 /* WaypointMarker.swift */,
			);
			path = Views;
			sourceTree = "<group>";
		};
		B108347570A243775DCD3E7F = {
			isa = PBXGroup;
			children = (
				E868BBAE68804C07216518BB /* Detour */,
				1A633EA65FE7627CADA85C46 /* Products */,
			);
			sourceTree = "<group>";
		};
		D2B370615F2BDC55DCF52D48 /* ViewModels */ = {
			isa = PBXGroup;
			children = (
				4B18C6839AF676782FE9B9E7 /* RouteViewModel.swift */,
			);
			path = ViewModels;
			sourceTree = "<group>";
		};
		E11AE0409E07F886C5224909 /* Services */ = {
			isa = PBXGroup;
			children = (
				8CDED49EE5D40E55804F057D /* APIService.swift */,
				16729255A438961AA638BD91 /* LocationManager.swift */,
				4A15779B28E7A339C0E8D92D /* NavigationService.swift */,
			);
			path = Services;
			sourceTree = "<group>";
		};
		E868BBAE68804C07216518BB /* Detour */ = {
			isa = PBXGroup;
			children = (
				CB5686AC153B430D7432DCC1 /* Assets.xcassets */,
				457751B969B38BD06C2487E9 /* DetourApp.swift */,
				7D5ED2CDD1DB4A92A2DF45F7 /* Info.plist */,
				0F3CE28D5E12A7CFD74DD260 /* Models */,
				E11AE0409E07F886C5224909 /* Services */,
				D2B370615F2BDC55DCF52D48 /* ViewModels */,
				25AB35D02B73919AF9FFC5FF /* Views */,
			);
			path = Detour;
			sourceTree = "<group>";
		};
/* End PBXGroup section */

/* Begin PBXNativeTarget section */
		7F7F96C584BE7785F9643B43 /* Detour */ = {
			isa = PBXNativeTarget;
			buildConfigurationList = 1C947E1F9C26D16AFBCDB919 /* Build configuration list for PBXNativeTarget "Detour" */;
			buildPhases = (
				7286C61A406483AB586748DC /* Sources */,
				BBBE9A36E218D313DA98789E /* Resources */,
			);
			buildRules = (
			);
			dependencies = (
			);
			name = Detour;
			packageProductDependencies = (
			);
			productName = Detour;
			productReference = EF57F5AA71249753B4707C76 /* Detour.app */;
			productType = "com.apple.product-type.application";
		};
/* End PBXNativeTarget section */

/* Begin PBXProject section */
		F8AF5EF0CC1543EB76B45C40 /* Project object */ = {
			isa = PBXProject;
			attributes = {
				BuildIndependentTargetsInParallel = YES;
				LastUpgradeCheck = 1630;
				TargetAttributes = {
					7F7F96C584BE7785F9643B43 = {
						DevelopmentTeam = VMXQN9K3P2;
					};
				};
			};
			buildConfigurationList = D3095DC874CFE6A0924733B8 /* Build configuration list for PBXProject "Detour" */;
			developmentRegion = en;
			hasScannedForEncodings = 0;
			knownRegions = (
				Base,
				en,
			);
			mainGroup = B108347570A243775DCD3E7F;
			minimizedProjectReferenceProxies = 1;
			preferredProjectObjectVersion = 77;
			productRefGroup = 1A633EA65FE7627CADA85C46 /* Products */;
			projectDirPath = "";
			projectRoot = "";
			targets = (
				7F7F96C584BE7785F9643B43 /* Detour */,
			);
		};
/* End PBXProject section */

/* Begin PBXResourcesBuildPhase section */
		BBBE9A36E218D313DA98789E /* Resources */ = {
			isa = PBXResourcesBuildPhase;
			buildActionMask = 2147483647;
			files = (
				81010D2B957C94D45C92BAF3 /* Assets.xcassets in Resources */,
			);
			runOnlyForDeploymentPostprocessing = 0;
		};
/* End PBXResourcesBuildPhase section */

/* Begin PBXSourcesBuildPhase section */
		7286C61A406483AB586748DC /* Sources */ = {
			isa = PBXSourcesBuildPhase;
			buildActionMask = 2147483647;
			files = (
				A7D1D5B9A395AF542F0369B0 /* APIService.swift in Sources */,
				6AB25AD0A9491C75902E754A /* ContentView.swift in Sources */,
				BC9B6EF21947F116D988F333 /* DetourApp.swift in Sources */,
				949DB6D0152C407A94781220 /* FiltersView.swift in Sources */,
				970647272864B6E7E04E285C /* LocationManager.swift in Sources */,
				5A36E023CFB4D3D3CF1225A6 /* NavigationService.swift in Sources */,
				8344EC4E820C6ECF1E947027 /* OnboardingView.swift in Sources */,
				60608E991569DD9413D2DBA8 /* POIAnnotationView.swift in Sources */,
				69F45D18F798DA61626C5BDA /* POIResult.swift in Sources */,
				C9075DC5C8DD991968F6520A /* POIResultRow.swift in Sources */,
				7E8F09B7A11FDFB5EBC27072 /* RouteInputSheet.swift in Sources */,
				0EEDC1E6DD9108EA0AE8A885 /* RouteViewModel.swift in Sources */,
				8035DE81AFB2460D891B517B /* WaypointMarker.swift in Sources */,
			);
			runOnlyForDeploymentPostprocessing = 0;
		};
/* End PBXSourcesBuildPhase section */

/* Begin XCBuildConfiguration section */
		46A42A85EE6F8669845235E2 /* Release */ = {
			isa = XCBuildConfiguration;
			buildSettings = {
				ASSETCATALOG_COMPILER_APPICON_NAME = AppIcon;
				CODE_SIGN_IDENTITY = "iPhone Developer";
				CURRENT_PROJECT_VERSION = 7;
				DEVELOPMENT_TEAM = VMXQN9K3P2;
				GENERATE_INFOPLIST_FILE = YES;
				INFOPLIST_FILE = Detour/Info.plist;
				INFOPLIST_KEY_CFBundleDisplayName = OnRoute;
				INFOPLIST_KEY_ITSAppUsesNonExemptEncryption = NO;
				INFOPLIST_KEY_NSLocationWhenInUseUsageDescription = "OnRoute uses your location to find places along your route";
				INFOPLIST_KEY_UIApplicationSceneManifest_Generation = YES;
				INFOPLIST_KEY_UIApplicationSupportsIndirectInputEvents = YES;
				INFOPLIST_KEY_UILaunchScreen_Generation = YES;
				INFOPLIST_KEY_UISupportedInterfaceOrientations_iPad = "UIInterfaceOrientationPortrait UIInterfaceOrientationPortraitUpsideDown UIInterfaceOrientationLandscapeLeft UIInterfaceOrientationLandscapeRight";
				INFOPLIST_KEY_UISupportedInterfaceOrientations_iPhone = UIInterfaceOrientationPortrait;
				LD_RUNPATH_SEARCH_PATHS = (
					"$(inherited)",
					"@executable_path/Frameworks",
				);
				MARKETING_VERSION = 1.0.0;
				PRODUCT_BUNDLE_IDENTIFIER = com.ahmedkhaled.detour;
				SDKROOT = iphoneos;
				SWIFT_VERSION = 5.9;
				TARGETED_DEVICE_FAMILY = "1,2";
			};
			name = Release;
		};
		8347AB6ACA1072E29C3EECCF /* Debug */ = {
			isa = XCBuildConfiguration;
			buildSettings = {
				ALWAYS_SEARCH_USER_PATHS = NO;
				CLANG_ANALYZER_NONNULL = YES;
				CLANG_ANALYZER_NUMBER_OBJECT_CONVERSION = YES_AGGRESSIVE;
				CLANG_CXX_LANGUAGE_STANDARD = "gnu++14";
				CLANG_CXX_LIBRARY = "libc++";
				CLANG_ENABLE_MODULES = YES;
				CLANG_ENABLE_OBJC_ARC = YES;
				CLANG_ENABLE_OBJC_WEAK = YES;
				CLANG_WARN_BLOCK_CAPTURE_AUTORELEASING = YES;
				CLANG_WARN_BOOL_CONVERSION = YES;
				CLANG_WARN_COMMA = YES;
				CLANG_WARN_CONSTANT_CONVERSION = YES;
				CLANG_WARN_DEPRECATED_OBJC_IMPLEMENTATIONS = YES;
				CLANG_WARN_DIRECT_OBJC_ISA_USAGE = YES_ERROR;
				CLANG_WARN_DOCUMENTATION_COMMENTS = YES;
				CLANG_WARN_EMPTY_BODY = YES;
				CLANG_WARN_ENUM_CONVERSION = YES;
				CLANG_WARN_INFINITE_RECURSION = YES;
				CLANG_WARN_INT_CONVERSION = YES;
				CLANG_WARN_NON_LITERAL_NULL_CONVERSION = YES;
				CLANG_WARN_OBJC_IMPLICIT_RETAIN_SELF = YES;
				CLANG_WARN_OBJC_LITERAL_CONVERSION = YES;
				CLANG_WARN_OBJC_ROOT_CLASS = YES_ERROR;
				CLANG_WARN_QUOTED_INCLUDE_IN_FRAMEWORK_HEADER = YES;
				CLANG_WARN_RANGE_LOOP_ANALYSIS = YES;
				CLANG_WARN_STRICT_PROTOTYPES = YES;
				CLANG_WARN_SUSPICIOUS_MOVE = YES;
				CLANG_WARN_UNGUARDED_AVAILABILITY = YES_AGGRESSIVE;
				CLANG_WARN_UNREACHABLE_CODE = YES;
				CLANG_WARN__DUPLICATE_METHOD_MATCH = YES;
				COPY_PHASE_STRIP = NO;
				DEBUG_INFORMATION_FORMAT = dwarf;
				ENABLE_STRICT_OBJC_MSGSEND = YES;
				ENABLE_TESTABILITY = YES;
				GCC_C_LANGUAGE_STANDARD = gnu11;
				GCC_DYNAMIC_NO_PIC = NO;
				GCC_NO_COMMON_BLOCKS = YES;
				GCC_OPTIMIZATION_LEVEL = 0;
				GCC_PREPROCESSOR_DEFINITIONS = (
					"$(inherited)",
					"DEBUG=1",
				);
				GCC_WARN_64_TO_32_BIT_CONVERSION = YES;
				GCC_WARN_ABOUT_RETURN_TYPE = YES_ERROR;
				GCC_WARN_UNDECLARED_SELECTOR = YES;
				GCC_WARN_UNINITIALIZED_AUTOS = YES_AGGRESSIVE;
				GCC_WARN_UNUSED_FUNCTION = YES;
				GCC_WARN_UNUSED_VARIABLE = YES;
				IPHONEOS_DEPLOYMENT_TARGET = 17.0;
				MTL_ENABLE_DEBUG_INFO = INCLUDE_SOURCE;
				MTL_FAST_MATH = YES;
				ONLY_ACTIVE_ARCH = YES;
				PRODUCT_NAME = "$(TARGET_NAME)";
				SDKROOT = iphoneos;
				SWIFT_ACTIVE_COMPILATION_CONDITIONS = DEBUG;
				SWIFT_OPTIMIZATION_LEVEL = "-Onone";
				SWIFT_VERSION = 5.0;
			};
			name = Debug;
		};
		C281509053FD6FD7533005F7 /* Debug */ = {
			isa = XCBuildConfiguration;
			buildSettings = {
				ASSETCATALOG_COMPILER_APPICON_NAME = AppIcon;
				CODE_SIGN_IDENTITY = "iPhone Developer";
				CURRENT_PROJECT_VERSION = 7;
				DEVELOPMENT_TEAM = VMXQN9K3P2;
				GENERATE_INFOPLIST_FILE = YES;
				INFOPLIST_FILE = Detour/Info.plist;
				INFOPLIST_KEY_CFBundleDisplayName = OnRoute;
				INFOPLIST_KEY_ITSAppUsesNonExemptEncryption = NO;
				INFOPLIST_KEY_NSLocationWhenInUseUsageDescription = "OnRoute uses your location to find places along your route";
				INFOPLIST_KEY_UIApplicationSceneManifest_Generation = YES;
				INFOPLIST_KEY_UIApplicationSupportsIndirectInputEvents = YES;
				INFOPLIST_KEY_UILaunchScreen_Generation = YES;
				INFOPLIST_KEY_UISupportedInterfaceOrientations_iPad = "UIInterfaceOrientationPortrait UIInterfaceOrientationPortraitUpsideDown UIInterfaceOrientationLandscapeLeft UIInterfaceOrientationLandscapeRight";
				INFOPLIST_KEY_UISupportedInterfaceOrientations_iPhone = UIInterfaceOrientationPortrait;
				LD_RUNPATH_SEARCH_PATHS = (
					"$(inherited)",
					"@executable_path/Frameworks",
				);
				MARKETING_VERSION = 1.0.0;
				PRODUCT_BUNDLE_IDENTIFIER = com.ahmedkhaled.detour;
				SDKROOT = iphoneos;
				SWIFT_VERSION = 5.9;
				TARGETED_DEVICE_FAMILY = "1,2";
			};
			name = Debug;
		};
		D4B881A08CF8684C2AF09E0E /* Release */ = {
			isa = XCBuildConfiguration;
			buildSettings = {
				ALWAYS_SEARCH_USER_PATHS = NO;
				CLANG_ANALYZER_NONNULL = YES;
				CLANG_ANALYZER_NUMBER_OBJECT_CONVERSION = YES_AGGRESSIVE;
				CLANG_CXX_LANGUAGE_STANDARD = "gnu++14";
				CLANG_CXX_LIBRARY = "libc++";
				CLANG_ENABLE_MODULES = YES;
				CLANG_ENABLE_OBJC_ARC = YES;
				CLANG_ENABLE_OBJC_WEAK = YES;
				CLANG_WARN_BLOCK_CAPTURE_AUTORELEASING = YES;
				CLANG_WARN_BOOL_CONVERSION = YES;
				CLANG_WARN_COMMA = YES;
				CLANG_WARN_CONSTANT_CONVERSION = YES;
				CLANG_WARN_DEPRECATED_OBJC_IMPLEMENTATIONS = YES;
				CLANG_WARN_DIRECT_OBJC_ISA_USAGE = YES_ERROR;
				CLANG_WARN_DOCUMENTATION_COMMENTS = YES;
				CLANG_WARN_EMPTY_BODY = YES;
				CLANG_WARN_ENUM_CONVERSION = YES;
				CLANG_WARN_INFINITE_RECURSION = YES;
				CLANG_WARN_INT_CONVERSION = YES;
				CLANG_WARN_NON_LITERAL_NULL_CONVERSION = YES;
				CLANG_WARN_OBJC_IMPLICIT_RETAIN_SELF = YES;
				CLANG_WARN_OBJC_LITERAL_CONVERSION = YES;
				CLANG_WARN_OBJC_ROOT_CLASS = YES_ERROR;
				CLANG_WARN_QUOTED_INCLUDE_IN_FRAMEWORK_HEADER = YES;
				CLANG_WARN_RANGE_LOOP_ANALYSIS = YES;
				CLANG_WARN_STRICT_PROTOTYPES = YES;
				CLANG_WARN_SUSPICIOUS_MOVE = YES;
				CLANG_WARN_UNGUARDED_AVAILABILITY = YES_AGGRESSIVE;
				CLANG_WARN_UNREACHABLE_CODE = YES;
				CLANG_WARN__DUPLICATE_METHOD_MATCH = YES;
				COPY_PHASE_STRIP = NO;
				DEBUG_INFORMATION_FORMAT = "dwarf-with-dsym";
				ENABLE_NS_ASSERTIONS = NO;
				ENABLE_STRICT_OBJC_MSGSEND = YES;
				GCC_C_LANGUAGE_STANDARD = gnu11;
				GCC_NO_COMMON_BLOCKS = YES;
				GCC_WARN_64_TO_32_BIT_CONVERSION = YES;
				GCC_WARN_ABOUT_RETURN_TYPE = YES_ERROR;
				GCC_WARN_UNDECLARED_SELECTOR = YES;
				GCC_WARN_UNINITIALIZED_AUTOS = YES_AGGRESSIVE;
				GCC_WARN_UNUSED_FUNCTION = YES;
				GCC_WARN_UNUSED_VARIABLE = YES;
				IPHONEOS_DEPLOYMENT_TARGET = 17.0;
				MTL_ENABLE_DEBUG_INFO = NO;
				MTL_FAST_MATH = YES;
				PRODUCT_NAME = "$(TARGET_NAME)";
				SDKROOT = iphoneos;
				SWIFT_COMPILATION_MODE = wholemodule;
				SWIFT_OPTIMIZATION_LEVEL = "-O";
				SWIFT_VERSION = 5.0;
			};
			name = Release;
		};
/* End XCBuildConfiguration section */

/* Begin XCConfigurationList section */
		1C947E1F9C26D16AFBCDB919 /* Build configuration list for PBXNativeTarget "Detour" */ = {
			isa = XCConfigurationList;
			buildConfigurations = (
				C281509053FD6FD7533005F7 /* Debug */,
				46A42A85EE6F8669845235E2 /* Release */,
			);
			defaultConfigurationIsVisible = 0;
			defaultConfigurationName = Debug;
		};
		D3095DC874CFE6A0924733B8 /* Build configuration list for PBXProject "Detour" */ = {
			isa = XCConfigurationList;
			buildConfigurations = (
				8347AB6ACA1072E29C3EECCF /* Debug */,
				D4B881A08CF8684C2AF09E0E /* Release */,
			);
			defaultConfigurationIsVisible = 0;
			defaultConfigurationName = Debug;
		};
/* End XCConfigurationList section */
	};
	rootObject = F8AF5EF0CC1543EB76B45C40 /* Project object */;
}
